
Microsoft Visual Studio Solution File, Format Version 12.00
# Visual Studio Version 16
VisualStudioVersion = 16.0.29519.181
MinimumVisualStudioVersion = 10.0.40219.1
Project("{8BC9CEB8-8B4A-11D0-8D11-00A0C91BC942}") = "lab7", "lab7\lab7.vcxproj", "{DC442E3D-E437-422B-8FF0-1AEC215FB1FB}"
EndProject
Project("{8BC9CEB8-8B4A-11D0-8D11-00A0C91BC942}") = "lab8", "lab8\lab8.vcxproj", "{3E11C99F-4EB1-48C0-9BC1-C6A62930F510}"
EndProject
Project("{8BC9CEB8-8B4A-11D0-8D11-00A0C91BC942}") = "lab9", "lab9\lab9.vcxproj", "{9CF5FBD5-4E32-4427-BFB7-0398A21CEFFA}"
EndProject
Project("{8BC9CEB8-8B4A-11D0-8D11-00A0C91BC942}") = "lab10", "lab10\lab10.vcxproj", "{B51F6C2D-00FF-4944-AC36-3785D17A2EAC}"
EndProject
Project("{8BC9CEB8-8B4A-11D0-8D11-00A0C91BC942}") = "lab11", "lab11\lab11.vcxproj", "{EDBCB3BC-0890-4FE9-80ED-38C25B7DF500}"
EndProject
Project("{8BC9CEB8-8B4A-11D0-8D11-00A0C91BC942}") = "lab12", "lab12\lab12.vcxproj", "{C764B89E-7631-486F-99FF-240DD23E35F6}"
EndProject
Project("{8BC9CEB8-8B4A-11D0-8D11-00A0C91BC942}") = "lab13", "lab13\lab13.vcxproj", "{0AEE8380-8B6D-413C-9B5E-D03642E3331C}"
EndProject
Global
	GlobalSection(SolutionConfigurationPlatforms) = preSolution
		Debug|x64 = Debug|x64
		Debug|x86 = Debug|x86
		Release|x64 = Release|x64
		Release|x86 = Release|x86
	EndGlobalSection
	GlobalSection(ProjectConfigurationPlatforms) = postSolution
		{DC442E3D-E437-422B-8FF0-1AEC215FB1FB}.Debug|x64.ActiveCfg = Debug|x64
		{DC442E3D-E437-422B-8FF0-1AEC215FB1FB}.Debug|x64.Build.0 = Debug|x64
		{DC442E3D-E437-422B-8FF0-1AEC215FB1FB}.Debug|x86.ActiveCfg = Debug|Win32
		{DC442E3D-E437-422B-8FF0-1AEC215FB1FB}.Debug|x86.Build.0 = Debug|Win32
		{DC442E3D-E437-422B-8FF0-1AEC215FB1FB}.Release|x64.ActiveCfg = Release|x64
		{DC442E3D-E437-422B-8FF0-1AEC215FB1FB}.Release|x64.Build.0 = Release|x64
		{DC442E3D-E437-422B-8FF0-1AEC215FB1FB}.Release|x86.ActiveCfg = Release|Win32
		{DC442E3D-E437-422B-8FF0-1AEC215FB1FB}.Release|x86.Build.0 = Release|Win32
		{3E11C99F-4EB1-48C0-9BC1-C6A62930F510}.Debug|x64.ActiveCfg = Debug|x64
		{3E11C99F-4EB1-48C0-9BC1-C6A62930F510}.Debug|x64.Build.0 = Debug|x64
		{3E11C99F-4EB1-48C0-9BC1-C6A62930F510}.Debug|x86.ActiveCfg = Debug|Win32
		{3E11C99F-4EB1-48C0-9BC1-C6A62930F510}.Debug|x86.Build.0 = Debug|Win32
		{3E11C99F-4EB1-48C0-9BC1-C6A62930F510}.Release|x64.ActiveCfg = Release|x64
		{3E11C99F-4EB1-48C0-9BC1-C6A62930F510}.Release|x64.Build.0 = Release|x64
		{3E11C99F-4EB1-48C0-9BC1-C6A62930F510}.Release|x86.ActiveCfg = Release|Win32
		{3E11C99F-4EB1-48C0-9BC1-C6A62930F510}.Release|x86.Build.0 = Release|Win32
		{9CF5FBD5-4E32-4427-BFB7-0398A21CEFFA}.Debug|x64.ActiveCfg = Debug|x64
		{9CF5FBD5-4E32-4427-BFB7-0398A21CEFFA}.Debug|x64.Build.0 = Debug|x64
		{9CF5FBD5-4E32-4427-BFB7-0398A21CEFFA}.Debug|x86.ActiveCfg = Debug|Win32
		{9CF5FBD5-4E32-4427-BFB7-0398A21CEFFA}.Debug|x86.Build.0 = Debug|Win32
		{9CF5FBD5-4E32-4427-BFB7-0398A21CEFFA}.Release|x64.ActiveCfg = Release|x64
		{9CF5FBD5-4E32-4427-BFB7-0398A21CEFFA}.Release|x64.Build.0 = Release|x64
		{9CF5FBD5-4E32-4427-BFB7-0398A21CEFFA}.Release|x86.ActiveCfg = Release|Win32
		{9CF5FBD5-4E32-4427-BFB7-0398A21CEFFA}.Release|x86.Build.0 = Release|Win32
		{B51F6C2D-00FF-4944-AC36-3785D17A2EAC}.Debug|x64.ActiveCfg = Debug|x64
		{B51F6C2D-00FF-4944-AC36-3785D17A2EAC}.Debug|x64.Build.0 = Debug|x64
		{B51F6C2D-00FF-4944-AC36-3785D17A2EAC}.Debug|x86.ActiveCfg = Debug|Win32
		{B51F6C2D-00FF-4944-AC36-3785D17A2EAC}.Debug|x86.Build.0 = Debug|Win32
		{B51F6C2D-00FF-4944-AC36-3785D17A2EAC}.Release|x64.ActiveCfg = Release|x64
		{B51F6C2D-00FF-4944-AC36-3785D17A2EAC}.Release|x64.Build.0 = Release|x64
		{B51F6C2D-00FF-4944-AC36-3785D17A2EAC}.Release|x86.ActiveCfg = Release|Win32
		{B51F6C2D-00FF-4944-AC36-3785D17A2EAC}.Release|x86.Build.0 = Release|Win32
		{EDBCB3BC-0890-4FE9-80ED-38C25B7DF500}.Debug|x64.ActiveCfg = Debug|x64
		{EDBCB3BC-0890-4FE9-80ED-38C25B7DF500}.Debug|x64.Build.0 = Debug|x64
		{EDBCB3BC-0890-4FE9-80ED-38C25B7DF500}.Debug|x86.ActiveCfg = Debug|Win32
		{EDBCB3BC-0890-4FE9-80ED-38C25B7DF500}.Debug|x86.Build.0 = Debug|Win32
		{EDBCB3BC-0890-4FE9-80ED-38C25B7DF500}.Release|x64.ActiveCfg = Release|x64
		{EDBCB3BC-0890-4FE9-80ED-38C25B7DF500}.Release|x64.Build.0 = Release|x64
		{EDBCB3BC-0890-4FE9-80ED-38C25B7DF500}.Release|x86.ActiveCfg = Release|Win32
		{EDBCB3BC-0890-4FE9-80ED-38C25B7DF500}.Release|x86.Build.0 = Release|Win32
		{C764B89E-7631-486F-99FF-240DD23E35F6}.Debug|x64.ActiveCfg = Debug|x64
		{C764B89E-7631-486F-99FF-240DD23E35F6}.Debug|x64.Build.0 = Debug|x64
		{C764B89E-7631-486F-99FF-240DD23E35F6}.Debug|x86.ActiveCfg = Debug|Win32
		{C764B89E-7631-486F-99FF-240DD23E35F6}.Debug|x86.Build.0 = Debug|Win32
		{C764B89E-7631-486F-99FF-240DD23E35F6}.Release|x64.ActiveCfg = Release|x64
		{C764B89E-7631-486F-99FF-240DD23E35F6}.Release|x64.Build.0 = Release|x64
		{C764B89E-7631-486F-99FF-240DD23E35F6}.Release|x86.ActiveCfg = Release|Win32
		{C764B89E-7631-486F-99FF-240DD23E35F6}.Release|x86.Build.0 = Release|Win32
		{0AEE8380-8B6D-413C-9B5E-D03642E3331C}.Debug|x64.ActiveCfg = Debug|x64
		{0AEE8380-8B6D-413C-9B5E-D03642E3331C}.Debug|x64.Build.0 = Debug|x64
		{0AEE8380-8B6D-413C-9B5E-D03642E3331C}.Debug|x86.ActiveCfg = Debug|Win32
		{0AEE8380-8B6D-413C-9B5E-D03642E3331C}.Debug|x86.Build.0 = Debug|Win32
		{0AEE8380-8B6D-413C-9B5E-D03642E3331C}.Release|x64.ActiveCfg = Release|x64
		{0AEE8380-8B6D-413C-9B5E-D03642E3331C}.Release|x64.Build.0 = Release|x64
		{0AEE8380-8B6D-413C-9B5E-D03642E3331C}.Release|x86.ActiveCfg = Release|Win32
		{0AEE8380-8B6D-413C-9B5E-D03642E3331C}.Release|x86.Build.0 = Release|Win32
	EndGlobalSection
	GlobalSection(SolutionProperties) = preSolution
		HideSolutionNode = FALSE
	EndGlobalSection
	GlobalSection(ExtensibilityGlobals) = postSolution
		SolutionGuid = {31202163-C253-4C22-A6A2-5A8280E93EB5}
	EndGlobalSection
EndGlobal
