
Microsoft Visual Studio Solution File, Format Version 12.00
# Visual Studio Version 16
VisualStudioVersion = 16.0.29519.181
MinimumVisualStudioVersion = 10.0.40219.1
Project("{8BC9CEB8-8B4A-11D0-8D11-00A0C91BC942}") = "lab1", "lab1\lab1.vcxproj", "{12A22C75-D245-4390-B07A-C8FF3B3E2B02}"
EndProject
Project("{8BC9CEB8-8B4A-11D0-8D11-00A0C91BC942}") = "lab2", "lab2\lab2.vcxproj", "{776004BF-83B3-4355-BF8B-C98755BF4688}"
EndProject
Project("{8BC9CEB8-8B4A-11D0-8D11-00A0C91BC942}") = "lab3", "lab3\lab3.vcxproj", "{4773D559-99C9-4863-BBEB-3E418DD099AE}"
EndProject
Project("{8BC9CEB8-8B4A-11D0-8D11-00A0C91BC942}") = "lab4", "lab4\lab4.vcxproj", "{A4AB8950-32CF-4F2D-A836-76E67AC088CD}"
EndProject
Project("{8BC9CEB8-8B4A-11D0-8D11-00A0C91BC942}") = "lab5", "lab5\lab5.vcxproj", "{9B35BD9C-9B1C-438A-AEEC-195AD16DA14C}"
EndProject
Project("{8BC9CEB8-8B4A-11D0-8D11-00A0C91BC942}") = "lab6", "lab6\lab6.vcxproj", "{A60CD9D6-DDAB-412A-8043-67DE8A4DD2AB}"
EndProject
Global
	GlobalSection(SolutionConfigurationPlatforms) = preSolution
		Debug|x64 = Debug|x64
		Debug|x86 = Debug|x86
		Release|x64 = Release|x64
		Release|x86 = Release|x86
	EndGlobalSection
	GlobalSection(ProjectConfigurationPlatforms) = postSolution
		{12A22C75-D245-4390-B07A-C8FF3B3E2B02}.Debug|x64.ActiveCfg = Debug|x64
		{12A22C75-D245-4390-B07A-C8FF3B3E2B02}.Debug|x64.Build.0 = Debug|x64
		{12A22C75-D245-4390-B07A-C8FF3B3E2B02}.Debug|x86.ActiveCfg = Debug|Win32
		{12A22C75-D245-4390-B07A-C8FF3B3E2B02}.Debug|x86.Build.0 = Debug|Win32
		{12A22C75-D245-4390-B07A-C8FF3B3E2B02}.Release|x64.ActiveCfg = Release|x64
		{12A22C75-D245-4390-B07A-C8FF3B3E2B02}.Release|x64.Build.0 = Release|x64
		{12A22C75-D245-4390-B07A-C8FF3B3E2B02}.Release|x86.ActiveCfg = Release|Win32
		{12A22C75-D245-4390-B07A-C8FF3B3E2B02}.Release|x86.Build.0 = Release|Win32
		{776004BF-83B3-4355-BF8B-C98755BF4688}.Debug|x64.ActiveCfg = Debug|x64
		{776004BF-83B3-4355-BF8B-C98755BF4688}.Debug|x64.Build.0 = Debug|x64
		{776004BF-83B3-4355-BF8B-C98755BF4688}.Debug|x86.ActiveCfg = Debug|Win32
		{776004BF-83B3-4355-BF8B-C98755BF4688}.Debug|x86.Build.0 = Debug|Win32
		{776004BF-83B3-4355-BF8B-C98755BF4688}.Release|x64.ActiveCfg = Release|x64
		{776004BF-83B3-4355-BF8B-C98755BF4688}.Release|x64.Build.0 = Release|x64
		{776004BF-83B3-4355-BF8B-C98755BF4688}.Release|x86.ActiveCfg = Release|Win32
		{776004BF-83B3-4355-BF8B-C98755BF4688}.Release|x86.Build.0 = Release|Win32
		{4773D559-99C9-4863-BBEB-3E418DD099AE}.Debug|x64.ActiveCfg = Debug|x64
		{4773D559-99C9-4863-BBEB-3E418DD099AE}.Debug|x64.Build.0 = Debug|x64
		{4773D559-99C9-4863-BBEB-3E418DD099AE}.Debug|x86.ActiveCfg = Debug|Win32
		{4773D559-99C9-4863-BBEB-3E418DD099AE}.Debug|x86.Build.0 = Debug|Win32
		{4773D559-99C9-4863-BBEB-3E418DD099AE}.Release|x64.ActiveCfg = Release|x64
		{4773D559-99C9-4863-BBEB-3E418DD099AE}.Release|x64.Build.0 = Release|x64
		{4773D559-99C9-4863-BBEB-3E418DD099AE}.Release|x86.ActiveCfg = Release|Win32
		{4773D559-99C9-4863-BBEB-3E418DD099AE}.Release|x86.Build.0 = Release|Win32
		{A4AB8950-32CF-4F2D-A836-76E67AC088CD}.Debug|x64.ActiveCfg = Debug|x64
		{A4AB8950-32CF-4F2D-A836-76E67AC088CD}.Debug|x64.Build.0 = Debug|x64
		{A4AB8950-32CF-4F2D-A836-76E67AC088CD}.Debug|x86.ActiveCfg = Debug|Win32
		{A4AB8950-32CF-4F2D-A836-76E67AC088CD}.Debug|x86.Build.0 = Debug|Win32
		{A4AB8950-32CF-4F2D-A836-76E67AC088CD}.Release|x64.ActiveCfg = Release|x64
		{A4AB8950-32CF-4F2D-A836-76E67AC088CD}.Release|x64.Build.0 = Release|x64
		{A4AB8950-32CF-4F2D-A836-76E67AC088CD}.Release|x86.ActiveCfg = Release|Win32
		{A4AB8950-32CF-4F2D-A836-76E67AC088CD}.Release|x86.Build.0 = Release|Win32
		{9B35BD9C-9B1C-438A-AEEC-195AD16DA14C}.Debug|x64.ActiveCfg = Debug|x64
		{9B35BD9C-9B1C-438A-AEEC-195AD16DA14C}.Debug|x64.Build.0 = Debug|x64
		{9B35BD9C-9B1C-438A-AEEC-195AD16DA14C}.Debug|x86.ActiveCfg = Debug|Win32
		{9B35BD9C-9B1C-438A-AEEC-195AD16DA14C}.Debug|x86.Build.0 = Debug|Win32
		{9B35BD9C-9B1C-438A-AEEC-195AD16DA14C}.Release|x64.ActiveCfg = Release|x64
		{9B35BD9C-9B1C-438A-AEEC-195AD16DA14C}.Release|x64.Build.0 = Release|x64
		{9B35BD9C-9B1C-438A-AEEC-195AD16DA14C}.Release|x86.ActiveCfg = Release|Win32
		{9B35BD9C-9B1C-438A-AEEC-195AD16DA14C}.Release|x86.Build.0 = Release|Win32
		{A60CD9D6-DDAB-412A-8043-67DE8A4DD2AB}.Debug|x64.ActiveCfg = Debug|x64
		{A60CD9D6-DDAB-412A-8043-67DE8A4DD2AB}.Debug|x64.Build.0 = Debug|x64
		{A60CD9D6-DDAB-412A-8043-67DE8A4DD2AB}.Debug|x86.ActiveCfg = Debug|Win32
		{A60CD9D6-DDAB-412A-8043-67DE8A4DD2AB}.Debug|x86.Build.0 = Debug|Win32
		{A60CD9D6-DDAB-412A-8043-67DE8A4DD2AB}.Release|x64.ActiveCfg = Release|x64
		{A60CD9D6-DDAB-412A-8043-67DE8A4DD2AB}.Release|x64.Build.0 = Release|x64
		{A60CD9D6-DDAB-412A-8043-67DE8A4DD2AB}.Release|x86.ActiveCfg = Release|Win32
		{A60CD9D6-DDAB-412A-8043-67DE8A4DD2AB}.Release|x86.Build.0 = Release|Win32
	EndGlobalSection
	GlobalSection(SolutionProperties) = preSolution
		HideSolutionNode = FALSE
	EndGlobalSection
	GlobalSection(ExtensibilityGlobals) = postSolution
		SolutionGuid = {31202163-C253-4C22-A6A2-5A8280E93EB5}
	EndGlobalSection
EndGlobal
